#MicroXplorer Configuration settings - do not modify
ADC1.AutoInjectedConv=DISABLE
ADC1.Channel-5\#ChannelRegularConversion=ADC_CHANNEL_10
ADC1.IPParameters=Rank-5\#ChannelRegularConversion,Channel-5\#ChannelRegularConversion,SamplingTime-5\#ChannelRegularConversion,NbrOfConversionFlag,master,AutoInjectedConv,InjectedDiscontinuousConvMode
ADC1.InjectedDiscontinuousConvMode=DISABLE
ADC1.NbrOfConversionFlag=1
ADC1.Rank-5\#ChannelRegularConversion=1
ADC1.SamplingTime-5\#ChannelRegularConversion=ADC_SAMPLETIME_3CYCLES
ADC1.master=1
ADC2.AutoInjectedConv=DISABLE
ADC2.Channel-0\#ChannelRegularConversion=ADC_CHANNEL_6
ADC2.IPParameters=Rank-0\#ChannelRegularConversion,Channel-0\#ChannelRegularConversion,SamplingTime-0\#ChannelRegularConversion,NbrOfConversionFlag,AutoInjectedConv,InjectedDiscontinuousConvMode
ADC2.InjectedDiscontinuousConvMode=DISABLE
ADC2.NbrOfConversionFlag=1
ADC2.Rank-0\#ChannelRegularConversion=1
ADC2.SamplingTime-0\#ChannelRegularConversion=ADC_SAMPLETIME_3CYCLES
FATFS.IPParameters=_USE_BUFF_WO_ALIGNMENT,_USE_ERASE
FATFS._USE_BUFF_WO_ALIGNMENT=2
FATFS._USE_ERASE=0
FREERTOS.IPParameters=Tasks01,configUSE_ALTERNATIVE_API
FREERTOS.Tasks01=defaultTask,0,128,StartDefaultTask
FREERTOS.configUSE_ALTERNATIVE_API=0
File.Version=6
I2C1.DutyCycle=I2C_DUTYCYCLE_2
I2C1.IPParameters=DutyCycle
KeepUserPlacement=true
Mcu.Family=STM32F4
Mcu.IP0=ADC1
Mcu.IP1=ADC2
Mcu.IP10=TIM3
Mcu.IP11=TIM8
Mcu.IP12=USART2
Mcu.IP2=FATFS
Mcu.IP3=FREERTOS
Mcu.IP4=I2C1
Mcu.IP5=NVIC
Mcu.IP6=RCC
Mcu.IP7=SPI2
Mcu.IP8=SYS
Mcu.IP9=TIM1
Mcu.IPNb=13
Mcu.Name=STM32F446R(C-E)Tx
Mcu.Package=LQFP64
Mcu.Pin0=PC13
Mcu.Pin1=PC14-OSC32_IN
Mcu.Pin10=PA1
Mcu.Pin11=PA2
Mcu.Pin12=PA3
Mcu.Pin13=PA4
Mcu.Pin14=PA5
Mcu.Pin15=PA6
Mcu.Pin16=PA7
Mcu.Pin17=PC4
Mcu.Pin18=PC5
Mcu.Pin19=PB0
Mcu.Pin2=PC15-OSC32_OUT
Mcu.Pin20=PB1
Mcu.Pin21=PB12
Mcu.Pin22=PB13
Mcu.Pin23=PB14
Mcu.Pin24=PB15
Mcu.Pin25=PC6
Mcu.Pin26=PC7
Mcu.Pin27=PC8
Mcu.Pin28=PC9
Mcu.Pin29=PA8
Mcu.Pin3=PH0-OSC_IN
Mcu.Pin30=PA9
Mcu.Pin31=PA10
Mcu.Pin32=PA11
Mcu.Pin33=PA12
Mcu.Pin34=PA13
Mcu.Pin35=PA14
Mcu.Pin36=PA15
Mcu.Pin37=PC10
Mcu.Pin38=PC11
Mcu.Pin39=PB3
Mcu.Pin4=PH1-OSC_OUT
Mcu.Pin40=PB4
Mcu.Pin41=PB5
Mcu.Pin42=PB7
Mcu.Pin43=PB8
Mcu.Pin44=PB9
Mcu.Pin45=VP_FATFS_VS_Generic
Mcu.Pin46=VP_FREERTOS_VS_ENABLE
Mcu.Pin47=VP_SYS_VS_Systick
Mcu.Pin5=PC0
Mcu.Pin6=PC1
Mcu.Pin7=PC2
Mcu.Pin8=PC3
Mcu.Pin9=PA0-WKUP
Mcu.PinsNb=48
Mcu.UserConstants=
Mcu.UserName=STM32F446RETx
MxCube.Version=4.20.0
MxDb.Version=DB.4.0.200
NVIC.BusFault_IRQn=true\:0\:0\:false\:false\:false\:false
NVIC.DebugMonitor_IRQn=true\:0\:0\:false\:false\:false\:false
NVIC.HardFault_IRQn=true\:0\:0\:false\:false\:false\:false
NVIC.MemoryManagement_IRQn=true\:0\:0\:false\:false\:false\:false
NVIC.NonMaskableInt_IRQn=true\:0\:0\:false\:false\:false\:false
NVIC.PendSV_IRQn=true\:15\:0\:false\:false\:false\:true
NVIC.PriorityGroup=NVIC_PRIORITYGROUP_4
NVIC.SVCall_IRQn=true\:0\:0\:false\:false\:false\:false
NVIC.SysTick_IRQn=true\:15\:0\:false\:false\:true\:true
NVIC.UsageFault_IRQn=true\:0\:0\:false\:false\:false\:false
PA0-WKUP.GPIOParameters=GPIO_Label
PA0-WKUP.GPIO_Label=EMITTER_SIDES
PA0-WKUP.Locked=true
PA0-WKUP.Signal=GPIO_Output
PA1.GPIOParameters=GPIO_Label
PA1.GPIO_Label=EMITTER_FL
PA1.Locked=true
PA1.Signal=GPIO_Output
PA10.GPIOParameters=GPIO_Label
PA10.GPIO_Label=motorPIN_R_DIR
PA10.Locked=true
PA10.Signal=GPIO_Output
PA11.GPIOParameters=GPIO_Label
PA11.GPIO_Label=motorPIN_R_PWM
PA11.Locked=true
PA11.Signal=S_TIM1_CH4
PA12.GPIOParameters=GPIO_Label
PA12.GPIO_Label=PB2_PIN
PA12.Locked=true
PA12.Signal=GPXTI12
PA13.GPIOParameters=GPIO_Label
PA13.GPIO_Label=TMS
PA13.Locked=true
PA13.Mode=Trace_Asynchronous_SW
PA13.Signal=SYS_JTMS-SWDIO
PA14.GPIOParameters=GPIO_Label
PA14.GPIO_Label=TCK
PA14.Locked=true
PA14.Mode=Trace_Asynchronous_SW
PA14.Signal=SYS_JTCK-SWCLK
PA15.GPIOParameters=GPIO_Label
PA15.GPIO_Label=PB1_PIN
PA15.Locked=true
PA15.Signal=GPXTI15
PA2.GPIOParameters=GPIO_Label
PA2.GPIO_Label=USART_TX
PA2.Locked=true
PA2.Mode=Asynchronous
PA2.Signal=USART2_TX
PA3.GPIOParameters=GPIO_Label
PA3.GPIO_Label=USART_RX
PA3.Locked=true
PA3.Mode=Asynchronous
PA3.Signal=USART2_RX
PA4.GPIOParameters=GPIO_Label
PA4.GPIO_Label=disPIN_CE_BAR
PA4.Locked=true
PA4.Signal=GPIO_Output
PA5.GPIOParameters=GPIO_Label
PA5.GPIO_Label=disPIN_SCK
PA5.Locked=true
PA5.Signal=SPI1_SCK
PA6.GPIOParameters=GPIO_Label
PA6.GPIO_Label=BATT_LEVEL
PA6.Locked=true
PA6.Signal=ADCx_IN6
PA7.GPIOParameters=GPIO_Label
PA7.GPIO_Label=disPIN_MOSI
PA7.Locked=true
PA7.Signal=SPI1_MOSI
PA8.GPIOParameters=GPIO_Label
PA8.GPIO_Label=motorPIN_L_PWM
PA8.Locked=true
PA8.Signal=S_TIM1_CH1
PA9.GPIOParameters=GPIO_Label
PA9.GPIO_Label=motorPIN_R_FAULT_BAR
PA9.Locked=true
PA9.Signal=S_TIM1_CH2
PB0.GPIOParameters=GPIO_Label
PB0.GPIO_Label=LED1_PIN
PB0.Locked=true
PB0.Signal=GPIO_Output
PB1.GPIOParameters=GPIO_Label
PB1.GPIO_Label=LED2_PIN
PB1.Locked=true
PB1.Signal=GPIO_Output
PB12.GPIOParameters=GPIO_Label
PB12.GPIO_Label=usdPIN_SS_BAR
PB12.Locked=true
PB12.Signal=SPI2_NSS
PB13.GPIOParameters=GPIO_Label
PB13.GPIO_Label=usdPIN_SCK
PB13.Locked=true
PB13.Mode=Full_Duplex_Master
PB13.Signal=SPI2_SCK
PB14.GPIOParameters=GPIO_Label
PB14.GPIO_Label=usdPIN_MISO
PB14.Locked=true
PB14.Mode=Full_Duplex_Master
PB14.Signal=SPI2_MISO
PB15.GPIOParameters=GPIO_Label
PB15.GPIO_Label=usdPIN_MOSI
PB15.Locked=true
PB15.Mode=Full_Duplex_Master
PB15.Signal=SPI2_MOSI
PB3.GPIOParameters=GPIO_Label
PB3.GPIO_Label=SWO
PB3.Locked=true
PB3.Mode=Trace_Asynchronous_SW
PB3.Signal=SYS_JTDO-SWO
PB4.GPIOParameters=GPIO_Label
PB4.GPIO_Label=counterPIN_R_CHA
PB4.Locked=true
PB4.Signal=S_TIM3_CH1
PB5.GPIOParameters=GPIO_Label
PB5.GPIO_Label=counterPIN_R_CHB
PB5.Locked=true
PB5.Signal=S_TIM3_CH2
PB7.GPIOParameters=GPIO_Label
PB7.GPIO_Label=imu_INT
PB7.Locked=true
PB7.Signal=GPXTI7
PB8.GPIOParameters=GPIO_Label
PB8.GPIO_Label=imuPIN_SCL
PB8.Locked=true
PB8.Mode=I2C
PB8.Signal=I2C1_SCL
PB9.GPIOParameters=GPIO_Label
PB9.GPIO_Label=imuPIN_SDA
PB9.Locked=true
PB9.Mode=I2C
PB9.Signal=I2C1_SDA
PC0.GPIOParameters=GPIO_Label
PC0.GPIO_Label=RECV_FR
PC0.Locked=true
PC0.Signal=ADCx_IN10
PC1.GPIOParameters=GPIO_Label
PC1.GPIO_Label=RECV_R
PC1.Locked=true
PC1.Signal=ADCx_IN11
PC10.GPIOParameters=GPIO_Label
PC10.GPIO_Label=LED4_PIN
PC10.Locked=true
PC10.Signal=GPIO_Output
PC11.GPIOParameters=GPIO_Label
PC11.GPIO_Label=LED3_PIN
PC11.Locked=true
PC11.Signal=GPIO_Output
PC13.GPIOParameters=GPIO_Label
PC13.GPIO_Label=EMITTER_FR
PC13.Locked=true
PC13.Signal=GPIO_Output
PC14-OSC32_IN.Locked=true
PC14-OSC32_IN.Signal=RCC_OSC32_IN
PC15-OSC32_OUT.Locked=true
PC15-OSC32_OUT.Signal=RCC_OSC32_OUT
PC2.GPIOParameters=GPIO_Label
PC2.GPIO_Label=RECV_L
PC2.Locked=true
PC2.Signal=ADCx_IN12
PC3.GPIOParameters=GPIO_Label
PC3.GPIO_Label=RECV_FL
PC3.Locked=true
PC3.Signal=ADCx_IN13
PC4.GPIOParameters=GPIO_Label
PC4.GPIO_Label=disPIN_RS
PC4.Locked=true
PC4.Signal=GPIO_Output
PC5.GPIOParameters=GPIO_Label
PC5.GPIO_Label=disPIN_RESET_BAR
PC5.Locked=true
PC5.Signal=GPIO_Output
PC6.GPIOParameters=GPIO_Label
PC6.GPIO_Label=counterPIN_L_CHA
PC6.Locked=true
PC6.Signal=S_TIM8_CH1
PC7.GPIOParameters=GPIO_Label
PC7.GPIO_Label=counterPIN_L_CHB
PC7.Locked=true
PC7.Signal=S_TIM8_CH2
PC8.GPIOParameters=GPIO_Label
PC8.GPIO_Label=motorPIN_L_FAULT_BAR
PC8.Locked=true
PC8.Signal=GPXTI8
PC9.GPIOParameters=GPIO_Label
PC9.GPIO_Label=motorPIN_L_DIR
PC9.Locked=true
PC9.Signal=GPIO_Output
PCC.Battery=Alkaline(9V)
PCC.Battery.Capacity=625.0
PCC.Battery.Compatibility=Yes
PCC.Battery.InParallel=1
PCC.Battery.InSeries=1
PCC.Battery.MaxContinuous=200.0
PCC.Battery.MaxPulseCurrent=0.0
PCC.Battery.NominalVoltage=9.0
PCC.Battery.SelfDischarge=0.3
PCC.Checker=false
PCC.Line=STM32F446
PCC.MCU=STM32F446R(C-E)Tx
PCC.MXVersion=4.20.0
PCC.PartNumber=STM32F446RETx
PCC.Seq0=0
PCC.Series=STM32F4
PCC.Temperature=25
PCC.Vdd=3.3
PH0-OSC_IN.Locked=true
PH0-OSC_IN.Signal=RCC_OSC_IN
PH1-OSC_OUT.Locked=true
PH1-OSC_OUT.Signal=RCC_OSC_OUT
ProjectManager.AskForMigrate=true
ProjectManager.BackupPrevious=false
ProjectManager.CompilerOptimize=2
ProjectManager.ComputerToolchain=false
ProjectManager.CoupleFile=false
ProjectManager.CustomerFirmwarePackage=
ProjectManager.DefaultFWLocation=true
ProjectManager.DeletePrevious=true
ProjectManager.DeviceId=STM32F446RETx
ProjectManager.FirmwarePackage=STM32Cube FW_F4 V1.15.0
ProjectManager.FreePins=false
ProjectManager.HalAssertFull=true
ProjectManager.HeapSize=0x200
ProjectManager.KeepUserCode=true
ProjectManager.LastFirmware=true
ProjectManager.LibraryCopy=1
ProjectManager.PreviousToolchain=
ProjectManager.ProjectBuild=false
ProjectManager.ProjectFileName=Project_STM32CubeMX.ioc
ProjectManager.ProjectName=Project_STM32CubeMX
ProjectManager.StackSize=0x400
ProjectManager.TargetToolchain=TrueSTUDIO
ProjectManager.ToolChainLocation=
ProjectManager.UnderRoot=false
ProjectManager.functionlistsort=1-MX_GPIO_Init-GPIO-false-HAL,2-MX_SPI2_Init-SPI2-false-HAL,3-MX_TIM1_Init-TIM1-false-HAL,4-MX_USART2_UART_Init-USART2-false-HAL,5-MX_FATFS_Init-FATFS-false-HAL,6-SystemClock_Config-RCC-false-HAL,7-MX_ADC2_Init-ADC2-false-HAL,8-MX_ADC1_Init-ADC1-false-HAL,9-MX_TIM8_Init-TIM8-false-HAL,10-MX_TIM3_Init-TIM3-false-HAL,11-MX_I2C1_Init-I2C1-false-HAL
RCC.AHBFreq_Value=90000000
RCC.APB1CLKDivider=RCC_HCLK_DIV4
RCC.APB1Freq_Value=22500000
RCC.APB1TimFreq_Value=45000000
RCC.APB2CLKDivider=RCC_HCLK_DIV4
RCC.APB2Freq_Value=22500000
RCC.APB2TimFreq_Value=45000000
RCC.CECEnable=false
RCC.CECFreq_Value=32786.88524590164
RCC.ClockTypeHCLK=RCC_CLOCKTYPE_HCLK
RCC.ClockTypePCLK1=RCC_CLOCKTYPE_PCLK1
RCC.ClockTypePCLK2=RCC_CLOCKTYPE_PCLK2
RCC.ClockTypeSysClk=RCC_CLOCKTYPE_SYSCLK
RCC.CortexFreq_Value=90000000
RCC.EnableFMPI2C1=false
RCC.EnableHSE=false
RCC.EnableHSERTCDevisor=false
RCC.EnableI2S1=false
RCC.EnableI2S2=false
RCC.EnableLSE=false
RCC.EnableLSERTC=false
RCC.EnableSAIA=false
RCC.EnableSAIB=false
RCC.EnableSDIO=false
RCC.EnableSPDIF=false
RCC.EnableUSB=false
RCC.EnbaleCSS=false
RCC.ExtClockEnable=false
RCC.FCLKCortexFreq_Value=90000000
RCC.FLatency-AdvancedSettings=FLASH_LATENCY_2
RCC.FMPI2C1Freq_Value=22500000
RCC.FamilyName=M
RCC.HCLKFreq_Value=90000000
RCC.HSEState=RCC_HSE_OFF
RCC.HSE_VALUE=8000000
RCC.HSIState=RCC_HSI_ON
RCC.HSI_VALUE=16000000
RCC.IPParameters=AHBFreq_Value,APB1CLKDivider,APB1Freq_Value,APB1TimFreq_Value,APB2CLKDivider,APB2Freq_Value,APB2TimFreq_Value,CECEnable,CECFreq_Value,ClockTypeHCLK,ClockTypePCLK1,ClockTypePCLK2,ClockTypeSysClk,CortexFreq_Value,EnableFMPI2C1,EnableHSE,EnableHSERTCDevisor,EnableI2S1,EnableI2S2,EnableLSE,EnableLSERTC,EnableSAIA,EnableSAIB,EnableSDIO,EnableSPDIF,EnableUSB,EnbaleCSS,ExtClockEnable,FCLKCortexFreq_Value,FLatency-AdvancedSettings,FMPI2C1Freq_Value,FamilyName,HCLKFreq_Value,HSEState,HSE_VALUE,HSIState,HSI_VALUE,IWDGEnable,LSE_VALUE,LSIState,LSI_VALUE,MCO1OutPutEnable,MCO2OutPutEnable,MCO2PinFreq_Value,OscillatorTypeHSE,OscillatorTypeHSI,OscillatorTypeLSI,PLLCLKFreq_Value,PLLI2SPCLKFreq_Value,PLLI2SQCLKFreq_Value,PLLI2SRCLKFreq_Value,PLLN,PLLP,PLLQCLKFreq_Value,PLLRCLKFreq_Value,PLLSAIPCLKFreq_Value,PLLSAIQCLKFreq_Value,PLLSource,PLLState,PWREXT_OverDrive,PWRFreq_Value,PWR_Regulator_Voltage_Scale,RCC_RTC_Clock_Source,RTCEnable,SAIAFreq_Value,SAIBFreq_Value,SDIOFreq_Value,SPDIFRXFreq_Value,SYSCLKFreq_VALUE,SYSCLKSource,USBFreq_Value,VCOI2SInputFreq_Value,VCOI2SOutputFreq_Value,VCOInputFreq_Value,VCOOutputFreq_Value,VCOSAIInputFreq_Value,VCOSAIOutputFreq_Value,VcooutputI2S
RCC.IWDGEnable=false
RCC.LSE_VALUE=32768
RCC.LSIState=RCC_LSI_OFF
RCC.LSI_VALUE=32000
RCC.MCO1OutPutEnable=false
RCC.MCO2OutPutEnable=false
RCC.MCO2PinFreq_Value=90000000
RCC.OscillatorTypeHSE=
RCC.OscillatorTypeHSI=RCC_OSCILLATORTYPE_HSI
RCC.OscillatorTypeLSI=
RCC.PLLCLKFreq_Value=90000000
RCC.PLLI2SPCLKFreq_Value=96000000
RCC.PLLI2SQCLKFreq_Value=96000000
RCC.PLLI2SRCLKFreq_Value=96000000
RCC.PLLN=360
RCC.PLLP=RCC_PLLP_DIV4
RCC.PLLQCLKFreq_Value=180000000
RCC.PLLRCLKFreq_Value=180000000
RCC.PLLSAIPCLKFreq_Value=96000000
RCC.PLLSAIQCLKFreq_Value=96000000
RCC.PLLSource=RCC_PLLSOURCE_HSI
RCC.PLLState=RCC_PLL_ON
RCC.PWREXT_OverDrive=PWREXT_OverDrive_ACTIVATED
RCC.PWRFreq_Value=90000000
RCC.PWR_Regulator_Voltage_Scale=PWR_REGULATOR_VOLTAGE_SCALE1
RCC.RCC_RTC_Clock_Source=RCC_RTCCLKSOURCE_LSI
RCC.RTCEnable=false
RCC.SAIAFreq_Value=96000000
RCC.SAIBFreq_Value=96000000
RCC.SDIOFreq_Value=180000000
RCC.SPDIFRXFreq_Value=180000000
RCC.SYSCLKFreq_VALUE=90000000
RCC.SYSCLKSource=RCC_SYSCLKSOURCE_PLLCLK
RCC.USBFreq_Value=180000000
RCC.VCOI2SInputFreq_Value=1000000
RCC.VCOI2SOutputFreq_Value=192000000
RCC.VCOInputFreq_Value=1000000
RCC.VCOOutputFreq_Value=360000000
RCC.VCOSAIInputFreq_Value=1000000
RCC.VCOSAIOutputFreq_Value=192000000
RCC.VcooutputI2S=96000000
SH.ADCx_IN10.0=ADC1_IN10,IN10
SH.ADCx_IN10.ConfNb=1
SH.ADCx_IN11.0=ADC1_IN11,IN11
SH.ADCx_IN11.ConfNb=1
SH.ADCx_IN12.0=ADC1_IN12,IN12
SH.ADCx_IN12.ConfNb=1
SH.ADCx_IN13.0=ADC1_IN13,IN13
SH.ADCx_IN13.ConfNb=1
SH.ADCx_IN6.0=ADC2_IN6,IN6
SH.ADCx_IN6.ConfNb=1
SH.GPXTI12.0=GPIO_EXTI12
SH.GPXTI12.ConfNb=1
SH.GPXTI15.0=GPIO_EXTI15
SH.GPXTI15.ConfNb=1
SH.GPXTI7.0=GPIO_EXTI7
SH.GPXTI7.ConfNb=1
SH.GPXTI8.0=GPIO_EXTI8
SH.GPXTI8.ConfNb=1
SH.S_TIM1_CH1.0=TIM1_CH1,PWM Generation1 CH1
SH.S_TIM1_CH1.ConfNb=1
SH.S_TIM1_CH2.0=TIM1_CH2
SH.S_TIM1_CH2.ConfNb=1
SH.S_TIM1_CH4.0=TIM1_CH4,PWM Generation4 CH4
SH.S_TIM1_CH4.ConfNb=1
SH.S_TIM3_CH1.0=TIM3_CH1,Input_Capture1_from_TI1
SH.S_TIM3_CH1.ConfNb=1
SH.S_TIM3_CH2.0=TIM3_CH2,Input_Capture2_from_TI2
SH.S_TIM3_CH2.ConfNb=1
SH.S_TIM8_CH1.0=TIM8_CH1,Input_Capture1_from_TI1
SH.S_TIM8_CH1.ConfNb=1
SH.S_TIM8_CH2.0=TIM8_CH2,Input_Capture2_from_TI2
SH.S_TIM8_CH2.ConfNb=1
SPI2.CRCPolynomial=10
SPI2.CalculateBaudRate=11.25 MBits/s
SPI2.Direction=SPI_DIRECTION_2LINES
SPI2.IPParameters=Mode,CalculateBaudRate,VirtualNSS,VirtualType,Direction,CRCPolynomial
SPI2.Mode=SPI_MODE_MASTER
SPI2.VirtualNSS=VM_NSSHARD
SPI2.VirtualType=VM_MASTER
TIM1.Channel-PWM\ Generation1\ CH1=TIM_CHANNEL_1
TIM1.Channel-PWM\ Generation4\ CH4=TIM_CHANNEL_4
TIM1.IPParameters=Channel-PWM Generation4 CH4,Channel-PWM Generation1 CH1,OCNPolarity_1,OCNIdleState_1,OCNIdleState_4
TIM1.OCNIdleState_1=TIM_OCNIDLESTATE_RESET
TIM1.OCNIdleState_4=TIM_OCNIDLESTATE_RESET
TIM1.OCNPolarity_1=TIM_OCNPOLARITY_HIGH
TIM3.Channel-Input_Capture1_from_TI1=TIM_CHANNEL_1
TIM3.Channel-Input_Capture2_from_TI2=TIM_CHANNEL_2
TIM3.IPParameters=Channel-Input_Capture1_from_TI1,Channel-Input_Capture2_from_TI2
TIM8.Channel-Input_Capture1_from_TI1=TIM_CHANNEL_1
TIM8.Channel-Input_Capture2_from_TI2=TIM_CHANNEL_2
TIM8.IPParameters=Channel-Input_Capture2_from_TI2,Channel-Input_Capture1_from_TI1
USART2.HwFlowCtl-Asynchronous=UART_HWCONTROL_NONE
USART2.IPParameters=VirtualMode,HwFlowCtl-Asynchronous
USART2.VirtualMode=VM_ASYNC
VP_FATFS_VS_Generic.Mode=User_defined
VP_FATFS_VS_Generic.Signal=FATFS_VS_Generic
VP_FREERTOS_VS_ENABLE.Mode=Enabled
VP_FREERTOS_VS_ENABLE.Signal=FREERTOS_VS_ENABLE
VP_SYS_VS_Systick.Mode=SysTick
VP_SYS_VS_Systick.Signal=SYS_VS_Systick
board=NUCLEO-F446RE
boardIOC=true
